github.com/sikalabs/sikalabs-crypt-go v0.0.0-20251105174759-2ff0fb3fb552 h1:EiLCh0kiHlgJXz1TKD8mfy3qFgnkFiX9TthlKHO/U8Y=
github.com/sikalabs/sikalabs-crypt-go v0.0.0-20251105174759-2ff0fb3fb552/go.mod h1:TrthX6be5utClxOieSRN8T3DOlFZ1oaK/9Ye2oCFaFg=
golang.org/x/crypto v0.43.0 h1:dduJYIi3A3KOfdGOHX8AVZ/jGiyPa3IbBozJ5kNuE04=
golang.org/x/crypto v0.43.0/go.mod h1:BFbav4mRNlXJL4wNeejLpWxB7wMbc79PdRGhWKncxR0=
